{
  "version": "5",
  "workspace": {
    "dependencies": [
      "npm:@playwright/test@1.62.1"
    ],
    "links": {
      "jsr:@polyengine/ct-runner@0.5.2": {},
      "jsr:@polyengine/protocol@0.2.3": {},
      "jsr:@polyengine/runtime@0.5.2": {},
      "jsr:@polyengine/translator@0.5.2": {},
      "jsr:@polyengine/wasi@0.5.2": {}
    }
  }
}
