{
  "version": "5",
  "specifiers": {
    "jsr:@polyengine/protocol@~0.3.1": "0.3.1",
    "jsr:@polyengine/runtime@~0.6.7": "0.6.7",
    "jsr:@polyengine/translator@~0.6.7": "0.6.7",
    "jsr:@polyengine/wasi@~0.6.7": "0.6.7",
    "jsr:@polymorph/webcrypto@0.6": "0.6.1",
    "jsr:@polymorph/webrtc-datachannels@0.6": "0.6.2",
    "jsr:@polymorph/websocket@0.6": "0.6.1",
    "jsr:@std/assert@1": "1.0.19",
    "jsr:@std/fs@1": "1.0.24",
    "jsr:@std/internal@^1.0.12": "1.0.14",
    "jsr:@std/internal@^1.0.14": "1.0.14",
    "jsr:@std/media-types@1": "1.1.0",
    "jsr:@std/path@1": "1.1.6",
    "jsr:@std/path@^1.1.5": "1.1.6",
    "npm:@bufbuild/protobuf@^2.14.1": "2.14.1",
    "npm:@remote-dom/core@^1.11.1": "1.11.1",
    "npm:playwright@1.62.1": "1.62.1",
    "npm:werift@0.24.4": "0.24.4"
  },
  "jsr": {
    "@polyengine/protocol@0.3.1": {
      "integrity": "3cba0ded857c5cc911fcf9c0782c7566c79af89ddc8e0ec4e48ece60c807a518"
    },
    "@polyengine/runtime@0.6.7": {
      "integrity": "396f92f2a744b1fc99d382a911cb0f1ca388f1b36556b1a109b3acf96a932818",
      "dependencies": [
        "jsr:@polyengine/protocol"
      ]
    },
    "@polyengine/translator@0.6.7": {
      "integrity": "6797db05f37e00a5e466da7641722c9deb444051a9384ac04290e2b231944555",
      "dependencies": [
        "jsr:@polyengine/runtime"
      ]
    },
    "@polyengine/wasi@0.6.7": {
      "integrity": "df9c0d2bc6b2c57373941852546c3a587e33cc6be91d6124d33250c594c4e204",
      "dependencies": [
        "jsr:@polyengine/protocol"
      ]
    },
    "@polymorph/webcrypto@0.6.1": {
      "integrity": "b21fdb9ee9ef0904db4161c8e393b9d3d7503cf147c6ad54da6de2da24dd8194",
      "dependencies": [
        "jsr:@polyengine/protocol"
      ]
    },
    "@polymorph/webrtc-datachannels@0.6.2": {
      "integrity": "42f46aaf2f2d25f689b69210d8ddaf634835699fb4a3b67d981e20140aadaed4",
      "dependencies": [
        "jsr:@polyengine/protocol",
        "npm:werift"
      ]
    },
    "@polymorph/websocket@0.6.1": {
      "integrity": "e40c3143e53e919f23385b36c673918aa24b9e59627bc9b37328df5c4b0e4b4f",
      "dependencies": [
        "jsr:@polyengine/protocol"
      ]
    },
    "@std/assert@1.0.19": {
      "integrity": "eaada96ee120cb980bc47e040f82814d786fe8162ecc53c91d8df60b8755991e",
      "dependencies": [
        "jsr:@std/internal@^1.0.12"
      ]
    },
    "@std/fs@1.0.24": {
      "integrity": "f3061b45b81673a2bece689da041df32d174be064c89eb6397fb5718d3fb7877",
      "dependencies": [
        "jsr:@std/internal@^1.0.14",
        "jsr:@std/path@^1.1.5"
      ]
    },
    "@std/internal@1.0.14": {
      "integrity": "291516b3d4c35024d6ffbc0a9df5bf4c64116e05b50012cf846710152d2ffdf7"
    },
    "@std/media-types@1.1.0": {
      "integrity": "c9d093f0c05c3512932b330e3cc1fe1d627b301db33a4c2c2185c02471d6eaa4"
    },
    "@std/path@1.1.6": {
      "integrity": "c68485c2a4dfbb5ae3cc74fae4e8c4e5d874cf8a8ed12927917235c758b46cbe",
      "dependencies": [
        "jsr:@std/internal@^1.0.14"
      ]
    }
  },
  "npm": {
    "@bufbuild/protobuf@2.14.1": {
      "integrity": "sha512-agRJn3+EJDUe8AvxTx/LnHA/GErvLE62pSaSk7+MwFOtOv8eWBu/qCq2qoZjBjVZ3C2aiFJCveuSs17KMkYGOw=="
    },
    "@fidm/asn1@1.0.4": {
      "integrity": "sha512-esd1jyNvRb2HVaQGq2Gg8Z0kbQPXzV9Tq5Z14KNIov6KfFD6PTaRIO8UpcsYiTNzOqJpmyzWgVTrUwFV3UF4TQ=="
    },
    "@fidm/x509@1.2.1": {
      "integrity": "sha512-nwc2iesjyc9hkuzcrMCBXQRn653XuAUKorfWM8PZyJawiy1QzLj4vahwzaI25+pfpwOLvMzbJ0uKpWLDNmo16w==",
      "dependencies": [
        "@fidm/asn1",
        "tweetnacl"
      ]
    },
    "@leichtgewicht/ip-codec@2.0.5": {
      "integrity": "sha512-Vo+PSpZG2/fmgmiNzYK9qWRh8h/CHrwD0mo1h1DzL4yzHNSfWYujGTYsWGreD000gcgmZ7K4Ys6Tx9TxtsKdDw=="
    },
    "@noble/curves@1.9.7": {
      "integrity": "sha512-gbKGcRUYIjA3/zCCNaWDciTMFI0dCkvou3TL8Zmy5Nc7sJ47a0jtOeZoTaMxkuqRo9cRhjOdZJXegxYE5FN/xw==",
      "dependencies": [
        "@noble/hashes"
      ]
    },
    "@noble/hashes@1.8.0": {
      "integrity": "sha512-jCs9ldd7NwzpgXDIf6P3+NrHh9/sD6CQdxHyjQI+h/6rDNo88ypBxxz45UDuZHz9r3tNz7N/VInSVoVdtXEI4A=="
    },
    "@peculiar/asn1-cms@2.9.4": {
      "integrity": "sha512-cben7oxmQsUGZqotus7yt0srYdncOT6RNWcTQ77T2RFOXejYVYkXadrfePdRcrVpO9K95IRLKKglG2k38jKXuw==",
      "dependencies": [
        "@peculiar/asn1-schema",
        "@peculiar/asn1-x509",
        "@peculiar/asn1-x509-attr",
        "asn1js",
        "tslib@2.8.1"
      ]
    },
    "@peculiar/asn1-csr@2.9.4": {
      "integrity": "sha512-xd4YN4vpRjkDAQWVfZZkeu12IEND7DOpkqaHSIHxZl1uggUNa9Ju0QxY2jHvDAS9pP0zhRBytg8ifsnGo3V0jw==",
      "dependencies": [
        "@peculiar/asn1-schema",
        "@peculiar/asn1-x509",
        "asn1js",
        "tslib@2.8.1"
      ]
    },
    "@peculiar/asn1-ecc@2.9.4": {
      "integrity": "sha512-JJXefFshRAuVAjWQo/39bkg1ywc1VaiO44S8RRC+Ykvf/u2KDmYffoDb0ZBPCR5uJy4AGKQhl8mX+Q8ShcWaXQ==",
      "dependencies": [
        "@peculiar/asn1-schema",
        "@peculiar/asn1-x509",
        "asn1js",
        "tslib@2.8.1"
      ]
    },
    "@peculiar/asn1-pfx@2.9.4": {
      "integrity": "sha512-khuGzHTzNzk4GDlIBEILyIs6Lce0yn0ZBdoI9v93kmNncfZRhD+AQ5ODFqdhvoE8cMJF/JMTQ8yA+t1D14kqCw==",
      "dependencies": [
        "@peculiar/asn1-cms",
        "@peculiar/asn1-pkcs8",
        "@peculiar/asn1-rsa",
        "@peculiar/asn1-schema",
        "asn1js",
        "tslib@2.8.1"
      ]
    },
    "@peculiar/asn1-pkcs8@2.9.4": {
      "integrity": "sha512-duRdotlUx9eDZe6QrQpQKl61RbWykCHBCkKayP8V8XdEFwlKHZ8qGGDMyS6Pye7OX7nLFttTTpRkJeet78ckwQ==",
      "dependencies": [
        "@peculiar/asn1-schema",
        "@peculiar/asn1-x509",
        "asn1js",
        "tslib@2.8.1"
      ]
    },
    "@peculiar/asn1-pkcs9@2.9.4": {
      "integrity": "sha512-kaL4cNxBpdQE2dKlyZBqz4ygCrwffO+8wfoxTEqM1Z8RadvCeELBRzcv0dzM8aY9azHMwODO5nxU65zXmhToOQ==",
      "dependencies": [
        "@peculiar/asn1-cms",
        "@peculiar/asn1-pfx",
        "@peculiar/asn1-pkcs8",
        "@peculiar/asn1-schema",
        "@peculiar/asn1-x509",
        "@peculiar/asn1-x509-attr",
        "asn1js",
        "tslib@2.8.1"
      ]
    },
    "@peculiar/asn1-rsa@2.9.4": {
      "integrity": "sha512-pZ96eD1PptovcWQ/GSmuNFXd/7EQJNlKfDaNCyE2rx3W0v6QFelkzquVqRSRyyDXXCYD69ZXJDzZ8GhIiQzKoA==",
      "dependencies": [
        "@peculiar/asn1-schema",
        "@peculiar/asn1-x509",
        "asn1js",
        "tslib@2.8.1"
      ]
    },
    "@peculiar/asn1-schema@2.9.4": {
      "integrity": "sha512-GjzePcT9Iw8NzeOPf73iNS9xM+TBhd/FilAfP+RQGkTMQJTVWtytN3JHJACCjf/ABNau5S7mS3g+DcuxmRgYEg==",
      "dependencies": [
        "@peculiar/utils",
        "asn1js",
        "tslib@2.8.1"
      ]
    },
    "@peculiar/asn1-x509-attr@2.9.4": {
      "integrity": "sha512-ehQXbpQaQYycgu8OrvigwSPTFfVRcu0ECNYCWw+yzBp02Lw5paRqzzhUpfOgO2K38+WfFZuEz/0RPtam5g0OMg==",
      "dependencies": [
        "@peculiar/asn1-schema",
        "@peculiar/asn1-x509",
        "asn1js",
        "tslib@2.8.1"
      ]
    },
    "@peculiar/asn1-x509@2.9.4": {
      "integrity": "sha512-CxhBo/RdEbMMob7T31ZdQjGuoyRFLVwrDzTn25bihzBasRg9kRm/0IxIPvhgQtcK/9dNcO1XQL2fuPugwELL0Q==",
      "dependencies": [
        "@peculiar/asn1-schema",
        "@peculiar/utils",
        "asn1js",
        "tslib@2.8.1"
      ]
    },
    "@peculiar/utils@2.0.3": {
      "integrity": "sha512-+oL3HPFRIZ1St2K50lWCXiioIgSoxzz7R1J3uF6neO2yl1sgmpgY6XXJH4BdpoDkMWznQTeYF6oWNDZLCdQ4eQ==",
      "dependencies": [
        "tslib@2.8.1"
      ]
    },
    "@peculiar/x509@1.14.3": {
      "integrity": "sha512-C2Xj8FZ0uHWeCXXqX5B4/gVFQmtSkiuOolzAgutjTfseNOHT3pUjljDZsTSxXFGgio54bCzVFqmEOUrIVk8RDA==",
      "dependencies": [
        "@peculiar/asn1-cms",
        "@peculiar/asn1-csr",
        "@peculiar/asn1-ecc",
        "@peculiar/asn1-pkcs9",
        "@peculiar/asn1-rsa",
        "@peculiar/asn1-schema",
        "@peculiar/asn1-x509",
        "pvtsutils",
        "reflect-metadata",
        "tslib@2.8.1",
        "tsyringe"
      ]
    },
    "@remote-dom/core@1.11.1": {
      "integrity": "sha512-0v29Q7F/iunb2cJm3E7r780X6jcPEFEgetSGisgRssJuoP9217yC1MKLVFNdXRmJYKX+oaugQKqaD2m8XA9dTQ==",
      "dependencies": [
        "@remote-dom/polyfill",
        "htm"
      ]
    },
    "@remote-dom/polyfill@1.5.1": {
      "integrity": "sha512-eaWdIVKZpNfbqspKkRQLVxiFv/7vIw8u0FVA5oy52YANFbO/WVT0GU+PQmRt/QUSijaB36HBAqx7stjo8HGpVQ=="
    },
    "@shinyoshiaki/binary-data@0.6.1": {
      "integrity": "sha512-7HDb/fQAop2bCmvDIzU5+69i+UJaFgIVp99h1VzK1mpg1JwSODOkjbqD7ilTYnqlnadF8C4XjpwpepxDsGY6+w==",
      "dependencies": [
        "generate-function",
        "is-plain-object"
      ]
    },
    "@types/dom-mediacapture-transform@0.1.12": {
      "integrity": "sha512-d7/QsLRwF864A5mgIM/YrfiglHoYn7zgCcAoJgW404r+2DwnNr7EBbLnCWpmOMgH8y0te73L1AV6H1bmauaWFw==",
      "dependencies": [
        "@types/dom-webcodecs"
      ]
    },
    "@types/dom-webcodecs@0.1.13": {
      "integrity": "sha512-O5hkiFIcjjszPIYyUSyvScyvrBoV3NOEEZx/pMlsu44TKzWNkLVBBxnxJz42in5n3QIolYOcBYFCPZZ0h8SkwQ=="
    },
    "asn1js@3.0.10": {
      "integrity": "sha512-S2s3aOytiKdFRdulw2qPE51MzjzVOisppcVv7jVFR+Kw0kxwvFrDcYA0h7Ndqbmj0HkMIXYWaoj7fli8kgx1eg==",
      "dependencies": [
        "pvtsutils",
        "pvutils",
        "tslib@2.8.1"
      ]
    },
    "base64-js@1.5.1": {
      "integrity": "sha512-AKpaYlHn8t4SVbOHCy+b5+KKgvR4vrsD8vbvrbiQJps7fKDTkjkDry6ji0rUJjC0kzbNePLwzxq8iypo41qeWA=="
    },
    "buffer@6.0.3": {
      "integrity": "sha512-FTiCpNxtwiZZHEZbcbTIcZjERVICn9yq/pDFkTl95/AxzD1naBctN7YO68riM/gLSDY7sdrMby8hofADYuuqOA==",
      "dependencies": [
        "base64-js",
        "ieee754"
      ]
    },
    "debug@4.4.0": {
      "integrity": "sha512-6WTZ/IxCY/T6BALoZHaE4ctp9xm+Z5kY/pzYaCHRFeyVhojxlrm+46y68HA6hr0TcwEssoxNiDEUJQjfPZ/RYA==",
      "dependencies": [
        "ms"
      ]
    },
    "dns-packet@5.6.1": {
      "integrity": "sha512-l4gcSouhcgIKRvyy99RNVOgxXiicE+2jZoNmaNmZ6JXiGajBOJAesk1OBlJuM5k2c+eudGdLxDqXuPCKIj6kpw==",
      "dependencies": [
        "@leichtgewicht/ip-codec"
      ]
    },
    "fsevents@2.3.2": {
      "integrity": "sha512-xiqMQR4xAeHTuB9uWm+fFRcIOgKBMiOBP+eXiyT7jsgVCq1bkVygt00oASowB7EdtpOHaaPgKt812P9ab+DDKA==",
      "os": ["darwin"],
      "scripts": true
    },
    "generate-function@2.3.1": {
      "integrity": "sha512-eeB5GfMNeevm/GRYq20ShmsaGcmI81kIX2K9XQx5miC8KdHaC6Jm0qQ8ZNeGOi7wYB8OsdxKs+Y2oVuTFuVwKQ==",
      "dependencies": [
        "is-property"
      ]
    },
    "htm@3.1.1": {
      "integrity": "sha512-983Vyg8NwUE7JkZ6NmOqpCZ+sh1bKv2iYTlUkzlWmA5JD2acKoxd4KVxbMmxX/85mtfdnDmTFoNKcg5DGAvxNQ=="
    },
    "ieee754@1.2.1": {
      "integrity": "sha512-dcyqhDvX1C46lXZcVqCpK+FtMRQVdIMN6/Df5js2zouUsqG7I6sFxitIC+7KYK29KdXOLHdu9zL4sFnoVQnqaA=="
    },
    "is-plain-object@2.0.4": {
      "integrity": "sha512-h5PpgXkWitc38BBMYawTYMWJHFZJVnBquFE57xFpjB8pJFiF6gZ+bU+WyI/yqXiFR5mdLsgYNaPe8uao6Uv9Og==",
      "dependencies": [
        "isobject"
      ]
    },
    "is-property@1.0.2": {
      "integrity": "sha512-Ks/IoX00TtClbGQr4TWXemAnktAQvYB7HzcCxDGqEZU6oCmb2INHuOoKxbtR+HFkmYWBKv/dOZtGRiAjDhj92g=="
    },
    "isobject@3.0.1": {
      "integrity": "sha512-WhB9zCku7EGTj/HQQRz5aUQEUeoQZH2bWcltRErOpymJ4boYE6wL9Tbr23krRPSZ+C5zqNSrSw+Cc7sZZ4b7vg=="
    },
    "mediabunny@1.55.2": {
      "integrity": "sha512-EEx4O6qYddAdCyWPMZNDwI7uc5hewNHrPAf9jLcVhIbXoPsiqNQ+D9i1pfadmGkjN2V318jSrZljkpoziYm6Lg==",
      "dependencies": [
        "@types/dom-mediacapture-transform",
        "@types/dom-webcodecs"
      ]
    },
    "ms@2.1.3": {
      "integrity": "sha512-6FlzubTLZG3J2a/NVCAleEhjzq5oxgHyaCU9yYXvcLsvoVaHJq/s5xXI6/XXP6tz7R9xAOtHnSO/tXtF3WRTlA=="
    },
    "multicast-dns@7.2.5": {
      "integrity": "sha512-2eznPJP8z2BFLX50tf0LuODrpINqP1RVIm/CObbTcBRITQgmC/TjcREF1NeTBzIcR5XO/ukWo+YHOjBbFwIupg==",
      "dependencies": [
        "dns-packet",
        "thunky"
      ],
      "bin": true
    },
    "playwright-core@1.62.1": {
      "integrity": "sha512-wPYSwEBJY9GHraISXqyqtx0na0LpO3XEX7jNDhntbex7tzUS7kLnZsOlFruFJB4Hi/rhDMjXGqHewDZ68nYZVw==",
      "bin": true
    },
    "playwright@1.62.1": {
      "integrity": "sha512-0M+L3LAD8/nm554LOla9Ayx0j0tmFZ0FBcoQ7F1VuVHpM/XpiC8RcDzBQB8W5+hA8L22THxELzeF+2WcUzvcLg==",
      "dependencies": [
        "playwright-core"
      ],
      "optionalDependencies": [
        "fsevents"
      ],
      "bin": true
    },
    "pvtsutils@1.3.6": {
      "integrity": "sha512-PLgQXQ6H2FWCaeRak8vvk1GW462lMxB5s3Jm673N82zI4vqtVUPuZdffdZbPDFRoU8kAhItWFtPCWiPpp4/EDg==",
      "dependencies": [
        "tslib@2.8.1"
      ]
    },
    "pvutils@1.2.0": {
      "integrity": "sha512-BbubeCEyTuQjVMakvJQ/Sxbc93F2pwmbsxONT/ZRrwU7Ua38d8unYTwXpTVLAKJ4BDuH9IGztCjQcd/N/39Dvg=="
    },
    "reflect-metadata@0.2.2": {
      "integrity": "sha512-urBwgfrvVP/eAyXx4hluJivBKzuEbSQs9rKWCrCkbSxNv8mxPcUZKeuoF3Uy4mJl3Lwprp6yy5/39VWigZ4K6Q=="
    },
    "thunky@1.1.0": {
      "integrity": "sha512-eHY7nBftgThBqOyHGVN+l8gF0BucP09fMo0oO/Lb0w1OF80dJv+lDVpXG60WMQvkcxAkNybKsrEIE3ZtKGmPrA=="
    },
    "tslib@1.14.1": {
      "integrity": "sha512-Xni35NKzjgMrwevysHTCArtLDpPvye8zV/0E4EyYn43P7/7qvQwPh9BGkHewbMulVntbigmcT7rdX3BNo9wRJg=="
    },
    "tslib@2.8.1": {
      "integrity": "sha512-oJFu94HQb+KVduSUQL7wnpmqnfmLsOA/nAh6b6EH0wCEoK0/mPeXU6c3wKDV83MkOuHPRHtSXKKU99IBazS/2w=="
    },
    "tsyringe@4.10.0": {
      "integrity": "sha512-axr3IdNuVIxnaK5XGEUFTu3YmAQ6lllgrvqfEoR16g/HGnYY/6We4oWENtAnzK6/LpJ2ur9PAb80RBt7/U4ugw==",
      "dependencies": [
        "tslib@1.14.1"
      ]
    },
    "tweetnacl@1.0.3": {
      "integrity": "sha512-6rt+RN7aOi1nGMyC4Xa5DdYiukl2UWCbcJft7YhxReBGQD7OAM8Pbxw6YMo4r2diNEA8FEmu32YOn9rhaiE5yw=="
    },
    "werift@0.24.4": {
      "integrity": "sha512-NoROZ11L/ZqAB5ombCB4VBuVNdIZfwI493zlxlIX7BlwfWRy55eDJdtWMC2VX35yBXFaWwA8NtYbmJ8qWtVk9Q==",
      "dependencies": [
        "@fidm/x509",
        "@noble/curves",
        "@peculiar/x509",
        "@shinyoshiaki/binary-data",
        "buffer",
        "debug",
        "mediabunny",
        "multicast-dns",
        "tweetnacl"
      ]
    }
  },
  "remote": {
    "https://raw.githubusercontent.com/polymorph-components/polymorph-stream-dom/5942eae23be9dffcfdab737a54f2687e63645216/receiver/src/dispatch.ts": "12ad272b921d94fcb2c69f2adf1c994ff4c66f2db0099345be20ef8f178a268c",
    "https://raw.githubusercontent.com/polymorph-components/polymorph-stream-dom/5942eae23be9dffcfdab737a54f2687e63645216/receiver/src/driver.ts": "fe58e077810703916b5098bfd11bcd2ec08a2c8db23988b6a525eb685672132c",
    "https://raw.githubusercontent.com/polymorph-components/polymorph-stream-dom/5942eae23be9dffcfdab737a54f2687e63645216/receiver/src/events.ts": "e6414573fadc691fd65789581a50fab28c1367b15b423830bb07ab5bfa48d5bc",
    "https://raw.githubusercontent.com/polymorph-components/polymorph-stream-dom/5942eae23be9dffcfdab737a54f2687e63645216/receiver/src/frames.ts": "568c2de97231e955512c3300e2253058e227d6ff76a2ae21aa87e4c3248179f6",
    "https://raw.githubusercontent.com/polymorph-components/polymorph-stream-dom/5942eae23be9dffcfdab737a54f2687e63645216/receiver/src/gen/stream-dom-events.ts": "5e16e2595e1b391760e4fb2294b7727d8b1d03bfe3e9ddc521a275c15ead9206",
    "https://raw.githubusercontent.com/polymorph-components/polymorph-stream-dom/5942eae23be9dffcfdab737a54f2687e63645216/receiver/src/gen/stream-dom.ts": "9b5d81fe47fe9d0f9706e6bcb16143941bc130d18e97dac54fc82871ac99f70f",
    "https://raw.githubusercontent.com/polymorph-components/polymorph-stream-dom/5942eae23be9dffcfdab737a54f2687e63645216/receiver/src/mod.ts": "c2ed8af8743832ec28f2b8ef259f86709cf9599d69705915abc16632129d6dca",
    "https://raw.githubusercontent.com/polymorph-components/polymorph-stream-dom/5942eae23be9dffcfdab737a54f2687e63645216/receiver/src/mount.ts": "80a14c36fb0971f008a4b90b40a7186e14bb435d2ed3ed5d3083ce7fff8abf6d",
    "https://raw.githubusercontent.com/polymorph-components/polymorph-stream-dom/5942eae23be9dffcfdab737a54f2687e63645216/receiver/src/native.ts": "89a15b8ce3747e5cf08c00b6af0f5347922b625926719484a61f40508c553deb",
    "https://raw.githubusercontent.com/polymorph-components/polymorph-stream-dom/5942eae23be9dffcfdab737a54f2687e63645216/receiver/src/policy-desktop.ts": "41dbdc5d2824bffd9327b661340e60ee2acf38e633b8f18d7efeff2d6bd984a8",
    "https://raw.githubusercontent.com/polymorph-components/polymorph-stream-dom/5942eae23be9dffcfdab737a54f2687e63645216/receiver/src/policy.ts": "b28da7c0b3b0886416ed6a5be1a0563b99470e9df1ade94008e7bf30259ba64a",
    "https://raw.githubusercontent.com/polymorph-components/polymorph-stream-dom/5942eae23be9dffcfdab737a54f2687e63645216/receiver/src/receiver.ts": "47ce8ea37b14d6bce2c2bf83fbc7c1b3c4a092f51c5265fac62f60138edcaa7f",
    "https://raw.githubusercontent.com/polymorph-components/polymorph-stream-dom/5942eae23be9dffcfdab737a54f2687e63645216/receiver/src/remote.ts": "4c2062963f09d20dd2ed1e0dae8766cf11b812738dcdf3c1e06ead4cfe5aebb1",
    "https://raw.githubusercontent.com/polymorph-components/polymorph-stream-dom/5942eae23be9dffcfdab737a54f2687e63645216/receiver/src/templates.ts": "052e1d75bcaa5c9e20e3a0ad826960cd87a8c60e5a84af19163b69816c1b7e1c",
    "https://raw.githubusercontent.com/polymorph-components/polymorph-stream-dom/e35dc357137a3563aa891662a626b3310a7078c4/receiver/src/dispatch.ts": "114107ed7fbd3d535cd194ae5cb425956c6591062eb1ddd6f42f6f0ea0a0c0cf",
    "https://raw.githubusercontent.com/polymorph-components/polymorph-stream-dom/e35dc357137a3563aa891662a626b3310a7078c4/receiver/src/driver.ts": "9adafb4423e0635864ed0565f184de570c14b3f946d5f2edb377b167efcadf8f",
    "https://raw.githubusercontent.com/polymorph-components/polymorph-stream-dom/e35dc357137a3563aa891662a626b3310a7078c4/receiver/src/events.ts": "9f7d431393a2ba300059cf2aa9c32698d19ea8b1115944896a2af8f5564ac9cb",
    "https://raw.githubusercontent.com/polymorph-components/polymorph-stream-dom/e35dc357137a3563aa891662a626b3310a7078c4/receiver/src/frames.ts": "940abc92b71c797b41f892652126785281330485fbddb7a025030e17c6599a3e",
    "https://raw.githubusercontent.com/polymorph-components/polymorph-stream-dom/e35dc357137a3563aa891662a626b3310a7078c4/receiver/src/mod.ts": "1df264446aba40de8bf01960c4fe4cc983b080c00a56240a9ce9e452a03ebc0e",
    "https://raw.githubusercontent.com/polymorph-components/polymorph-stream-dom/e35dc357137a3563aa891662a626b3310a7078c4/receiver/src/mount.ts": "99189376c82a21395b17705aa7bc4f1e87f8248a9dd6f6e9630dafb8ac63b7fd",
    "https://raw.githubusercontent.com/polymorph-components/polymorph-stream-dom/e35dc357137a3563aa891662a626b3310a7078c4/receiver/src/native.ts": "26fa83f874ca63e66cb71fe100704d66490d538a1911ac140629376ffffd4128",
    "https://raw.githubusercontent.com/polymorph-components/polymorph-stream-dom/e35dc357137a3563aa891662a626b3310a7078c4/receiver/src/policy-desktop.ts": "bff494415a66095d6eced2eff7b979658268c1f331c92422d7fda4e6df9d6814",
    "https://raw.githubusercontent.com/polymorph-components/polymorph-stream-dom/e35dc357137a3563aa891662a626b3310a7078c4/receiver/src/policy.ts": "8daece4b13b514e0a09c821a57505837a001df9bd8d7f62a7331c607d527030e",
    "https://raw.githubusercontent.com/polymorph-components/polymorph-stream-dom/e35dc357137a3563aa891662a626b3310a7078c4/receiver/src/proto.ts": "79c7dfd8541fc51624818f686dfe266f3e1bfb33acca8ddae819fe9fa4299d2a",
    "https://raw.githubusercontent.com/polymorph-components/polymorph-stream-dom/e35dc357137a3563aa891662a626b3310a7078c4/receiver/src/receiver.ts": "47ce8ea37b14d6bce2c2bf83fbc7c1b3c4a092f51c5265fac62f60138edcaa7f",
    "https://raw.githubusercontent.com/polymorph-components/polymorph-stream-dom/e35dc357137a3563aa891662a626b3310a7078c4/receiver/src/remote.ts": "7491aafd059f2382e06b0df766ec8243eba748ef9d7f4834b1938096a36ba776",
    "https://raw.githubusercontent.com/polymorph-components/polymorph-stream-dom/e35dc357137a3563aa891662a626b3310a7078c4/receiver/src/templates.ts": "052e1d75bcaa5c9e20e3a0ad826960cd87a8c60e5a84af19163b69816c1b7e1c"
  },
  "workspace": {
    "dependencies": [
      "jsr:@polyengine/protocol@~0.3.1",
      "jsr:@polyengine/runtime@~0.6.7",
      "jsr:@polyengine/translator@~0.6.7",
      "jsr:@polyengine/wasi@~0.6.7",
      "jsr:@polymorph/webcrypto@0.6",
      "jsr:@polymorph/webrtc-datachannels@0.6",
      "jsr:@polymorph/websocket@0.6",
      "jsr:@std/assert@1",
      "jsr:@std/fs@1",
      "jsr:@std/media-types@1",
      "jsr:@std/path@1",
      "npm:@bufbuild/protobuf@^2.14.1",
      "npm:@remote-dom/core@^1.11.1",
      "npm:playwright@1.62.1"
    ]
  }
}
